{
  "name": "developersHub",
  "lockfileVersion": 3,
  "requires": true,
  "packages": {
    "": {
      "dependencies": {
        "@datorama/akita": "^8.0.1",
        "@datorama/akita-ngdevtools": "^7.0.0",
        "@ngrx/store": "^16.2.0",
        "crypto-js": "^4.1.1"
      }
    },
    "node_modules/@angular/core": {
      "version": "16.2.7",
      "resolved": "https://registry.npmjs.org/@angular/core/-/core-16.2.7.tgz",
      "integrity": "sha512-JQOxo+Ja9ThQjUa4vdOMLZfIK2dhR3cnPbqB1tV2WuTmIv49QASbFHsae8zZsS4Au5/TafBaW3KkK9aRU8G5gg==",
      "peer": true,
      "dependencies": {
        "tslib": "^2.3.0"
      },
      "engines": {
        "node": "^16.14.0 || >=18.10.0"
      },
      "peerDependencies": {
        "rxjs": "^6.5.3 || ^7.4.0",
        "zone.js": "~0.13.0"
      }
    },
    "node_modules/@datorama/akita": {
      "version": "8.0.1",
      "resolved": "https://registry.npmjs.org/@datorama/akita/-/akita-8.0.1.tgz",
      "integrity": "sha512-0VnPWd+Sy3ColhzjDSBNcEnzAQtbezk6bYmJHvPaLMK5Ysl90KcNls2bE4sj5vaLeGLjhMtqtfp/RgrigPXDxA==",
      "peerDependencies": {
        "rxjs": "*",
        "tslib": "2.4.1"
      }
    },
    "node_modules/@datorama/akita-ngdevtools": {
      "version": "7.0.0",
      "resolved": "https://registry.npmjs.org/@datorama/akita-ngdevtools/-/akita-ngdevtools-7.0.0.tgz",
      "integrity": "sha512-ufUYu+mG9LFxDlbF4A8HYB6RhWLWy0U8iadu1ORUIEwpKhNZ6f+H4UH8ntzNxtKgf2yf61yV+s2CJ4i+WezfzA==",
      "dependencies": {
        "tslib": "^2.3.0"
      },
      "peerDependencies": {
        "@angular/core": ">= 13.0.0",
        "@datorama/akita": ">= 7.0.0",
        "rxjs": "*"
      }
    },
    "node_modules/@ngrx/store": {
      "version": "16.2.0",
      "resolved": "https://registry.npmjs.org/@ngrx/store/-/store-16.2.0.tgz",
      "integrity": "sha512-C7oIUC87xXV+1dTGUwYG/L4p0IZdYv/Ou1nTL/LffyAHllmmygTA5gzLB87abLOhucAxlFIQMQ8t/GSxdk/+QA==",
      "dependencies": {
        "tslib": "^2.0.0"
      },
      "peerDependencies": {
        "@angular/core": "^16.0.0",
        "rxjs": "^6.5.3 || ^7.5.0"
      }
    },
    "node_modules/crypto-js": {
      "version": "4.1.1",
      "resolved": "https://registry.npmjs.org/crypto-js/-/crypto-js-4.1.1.tgz",
      "integrity": "sha512-o2JlM7ydqd3Qk9CA0L4NL6mTzU2sdx96a+oOfPu8Mkl/PK51vSyoi8/rQ8NknZtk44vq15lmhAj9CIAGwgeWKw=="
    },
    "node_modules/rxjs": {
      "version": "7.8.1",
      "resolved": "https://registry.npmjs.org/rxjs/-/rxjs-7.8.1.tgz",
      "integrity": "sha512-AA3TVj+0A2iuIoQkWEK/tqFjBq2j+6PO6Y0zJcvzLAFhEFIO3HL0vls9hWLncZbAAbK0mar7oZ4V079I/qPMxg==",
      "peer": true,
      "dependencies": {
        "tslib": "^2.1.0"
      }
    },
    "node_modules/tslib": {
      "version": "2.4.1",
      "resolved": "https://registry.npmjs.org/tslib/-/tslib-2.4.1.tgz",
      "integrity": "sha512-tGyy4dAjRIEwI7BzsB0lynWgOpfqjUdq91XXAlIWD2OwKBH7oCl/GZG/HT4BOHrTlPMOASlMQ7veyTqpmRcrNA=="
    },
    "node_modules/zone.js": {
      "version": "0.13.3",
      "resolved": "https://registry.npmjs.org/zone.js/-/zone.js-0.13.3.tgz",
      "integrity": "sha512-MKPbmZie6fASC/ps4dkmIhaT5eonHkEt6eAy80K42tAm0G2W+AahLJjbfi6X9NPdciOE9GRFTTM8u2IiF6O3ww==",
      "peer": true,
      "dependencies": {
        "tslib": "^2.3.0"
      }
    }
  }
}
